
Microsoft Visual Studio Solution File, Format Version 12.00
# Visual Studio Version 17
VisualStudioVersion = 17.5.002.0
MinimumVisualStudioVersion = 10.0.40219.1
Project("{9A19103F-16F7-4668-BE54-9A1E7A4F7556}") = "MyMvc", "MyMvc\MyMvc.csproj", "{95CA63C4-3989-4564-922F-A3C95A4F23D8}"
EndProject
Global
	GlobalSection(SolutionConfigurationPlatforms) = preSolution
		Debug|Any CPU = Debug|Any CPU
		Release|Any CPU = Release|Any CPU
	EndGlobalSection
	GlobalSection(ProjectConfigurationPlatforms) = postSolution
		{95CA63C4-3989-4564-922F-A3C95A4F23D8}.Debug|Any CPU.ActiveCfg = Debug|Any CPU
		{95CA63C4-3989-4564-922F-A3C95A4F23D8}.Debug|Any CPU.Build.0 = Debug|Any CPU
		{95CA63C4-3989-4564-922F-A3C95A4F23D8}.Release|Any CPU.ActiveCfg = Release|Any CPU
		{95CA63C4-3989-4564-922F-A3C95A4F23D8}.Release|Any CPU.Build.0 = Release|Any CPU
	EndGlobalSection
	GlobalSection(SolutionProperties) = preSolution
		HideSolutionNode = FALSE
	EndGlobalSection
	GlobalSection(ExtensibilityGlobals) = postSolution
		SolutionGuid = {EB4CD81C-B2C2-4ADA-9999-1CB230DFE943}
	EndGlobalSection
EndGlobal
